
Microsoft Visual Studio Solution File, Format Version 12.00
# Visual Studio Version 17
VisualStudioVersion = 17.4.33205.214
MinimumVisualStudioVersion = 10.0.40219.1
Project("{FAE04EC0-301F-11D3-BF4B-00C04F79EFBC}") = "EmilyLilyCreationsWebShop", "EmilyLilyCreationsWebShop\EmilyLilyCreationsWebShop.csproj", "{16559E95-C83C-4BBC-AB55-50EAF523E4EF}"
EndProject
Global
	GlobalSection(SolutionConfigurationPlatforms) = preSolution
		Debug|Any CPU = Debug|Any CPU
		Release|Any CPU = Release|Any CPU
	EndGlobalSection
	GlobalSection(ProjectConfigurationPlatforms) = postSolution
		{16559E95-C83C-4BBC-AB55-50EAF523E4EF}.Debug|Any CPU.ActiveCfg = Debug|Any CPU
		{16559E95-C83C-4BBC-AB55-50EAF523E4EF}.Debug|Any CPU.Build.0 = Debug|Any CPU
		{16559E95-C83C-4BBC-AB55-50EAF523E4EF}.Release|Any CPU.ActiveCfg = Release|Any CPU
		{16559E95-C83C-4BBC-AB55-50EAF523E4EF}.Release|Any CPU.Build.0 = Release|Any CPU
	EndGlobalSection
	GlobalSection(SolutionProperties) = preSolution
		HideSolutionNode = FALSE
	EndGlobalSection
	GlobalSection(ExtensibilityGlobals) = postSolution
		SolutionGuid = {A4B9F3C8-2DCA-4898-88BF-AF045B0DA76F}
	EndGlobalSection
EndGlobal
